# Base image for sandbox/image/Dockerfile, pinned so builds are reproducible
# (BUILD-SPEC §10 item 6). One ref per file: the first non-comment line wins.
#
# Built from vercel/sandbox images at 8e471d48548c1d8f3287bc66f650f2e87d041445:
# docker buildx bake 'https://github.com/vercel/sandbox.git#8e471d48548c1d8f3287bc66f650f2e87d041445:images' universal \
#   --set 'universal.tags=vcr.vercel.com/purdue-hackers/zedspaces/sandbox-base:vercel-8e471d48548c' \
#   --set 'universal.attest=type=provenance,disabled=true' --push
# Refresh after publishing the new base: ZS_BASE_IMAGE=<tag> sandbox/image/build.sh --update-base.
# Pulling and publishing require `vercel vcr login docker` for this project.
vcr.vercel.com/purdue-hackers/zedspaces/sandbox-base:vercel-8e471d48548c@sha256:b10f81f194b6a1c5a40587bc6280ba036218041ed2cbf225472a90fe5a9eda39
